
Microsoft Visual Studio Solution File, Format Version 12.00
# Visual Studio Version 16
VisualStudioVersion = 16.0.31424.327
MinimumVisualStudioVersion = 10.0.40219.1
Project("{FAE04EC0-301F-11D3-BF4B-00C04F79EFBC}") = "RegistroWeb", "RegistroWeb\RegistroWeb.csproj", "{BEAB5463-8944-4D7C-A9B7-7241EF586DD7}"
	ProjectSection(ProjectDependencies) = postProject
		{967C2B31-6BBF-4B2A-A002-45EBBE3D48AC} = {967C2B31-6BBF-4B2A-A002-45EBBE3D48AC}
	EndProjectSection
EndProject
Project("{FAE04EC0-301F-11D3-BF4B-00C04F79EFBC}") = "WCFReporte", "WCFReporte\WCFReporte.csproj", "{967C2B31-6BBF-4B2A-A002-45EBBE3D48AC}"
EndProject
Global
	GlobalSection(SolutionConfigurationPlatforms) = preSolution
		Debug|Any CPU = Debug|Any CPU
		Release|Any CPU = Release|Any CPU
	EndGlobalSection
	GlobalSection(ProjectConfigurationPlatforms) = postSolution
		{BEAB5463-8944-4D7C-A9B7-7241EF586DD7}.Debug|Any CPU.ActiveCfg = Debug|Any CPU
		{BEAB5463-8944-4D7C-A9B7-7241EF586DD7}.Debug|Any CPU.Build.0 = Debug|Any CPU
		{BEAB5463-8944-4D7C-A9B7-7241EF586DD7}.Release|Any CPU.ActiveCfg = Release|Any CPU
		{BEAB5463-8944-4D7C-A9B7-7241EF586DD7}.Release|Any CPU.Build.0 = Release|Any CPU
		{967C2B31-6BBF-4B2A-A002-45EBBE3D48AC}.Debug|Any CPU.ActiveCfg = Debug|Any CPU
		{967C2B31-6BBF-4B2A-A002-45EBBE3D48AC}.Debug|Any CPU.Build.0 = Debug|Any CPU
		{967C2B31-6BBF-4B2A-A002-45EBBE3D48AC}.Release|Any CPU.ActiveCfg = Release|Any CPU
		{967C2B31-6BBF-4B2A-A002-45EBBE3D48AC}.Release|Any CPU.Build.0 = Release|Any CPU
	EndGlobalSection
	GlobalSection(SolutionProperties) = preSolution
		HideSolutionNode = FALSE
	EndGlobalSection
	GlobalSection(ExtensibilityGlobals) = postSolution
		SolutionGuid = {B58123B4-0899-4719-8D30-670CC08ADFDC}
	EndGlobalSection
EndGlobal
