
Microsoft Visual Studio Solution File, Format Version 12.00
# Visual Studio Version 16
VisualStudioVersion = 16.0.31424.327
MinimumVisualStudioVersion = 10.0.40219.1
Project("{FAE04EC0-301F-11D3-BF4B-00C04F79EFBC}") = "ClienteServicioWeb", "ClienteServicioWeb\ClienteServicioWeb.csproj", "{779F0FFF-48F5-468D-ADBE-D3C4BDCFB90E}"
	ProjectSection(ProjectDependencies) = postProject
		{F21EA4DE-FD2C-4D2C-9A59-ACFF3EC34166} = {F21EA4DE-FD2C-4D2C-9A59-ACFF3EC34166}
	EndProjectSection
EndProject
Project("{FAE04EC0-301F-11D3-BF4B-00C04F79EFBC}") = "WSServicio", "WSServicio\WSServicio.csproj", "{F21EA4DE-FD2C-4D2C-9A59-ACFF3EC34166}"
EndProject
Global
	GlobalSection(SolutionConfigurationPlatforms) = preSolution
		Debug|Any CPU = Debug|Any CPU
		Release|Any CPU = Release|Any CPU
	EndGlobalSection
	GlobalSection(ProjectConfigurationPlatforms) = postSolution
		{779F0FFF-48F5-468D-ADBE-D3C4BDCFB90E}.Debug|Any CPU.ActiveCfg = Debug|Any CPU
		{779F0FFF-48F5-468D-ADBE-D3C4BDCFB90E}.Debug|Any CPU.Build.0 = Debug|Any CPU
		{779F0FFF-48F5-468D-ADBE-D3C4BDCFB90E}.Release|Any CPU.ActiveCfg = Release|Any CPU
		{779F0FFF-48F5-468D-ADBE-D3C4BDCFB90E}.Release|Any CPU.Build.0 = Release|Any CPU
		{F21EA4DE-FD2C-4D2C-9A59-ACFF3EC34166}.Debug|Any CPU.ActiveCfg = Debug|Any CPU
		{F21EA4DE-FD2C-4D2C-9A59-ACFF3EC34166}.Debug|Any CPU.Build.0 = Debug|Any CPU
		{F21EA4DE-FD2C-4D2C-9A59-ACFF3EC34166}.Release|Any CPU.ActiveCfg = Release|Any CPU
		{F21EA4DE-FD2C-4D2C-9A59-ACFF3EC34166}.Release|Any CPU.Build.0 = Release|Any CPU
	EndGlobalSection
	GlobalSection(SolutionProperties) = preSolution
		HideSolutionNode = FALSE
	EndGlobalSection
	GlobalSection(ExtensibilityGlobals) = postSolution
		SolutionGuid = {BB4A74BE-C96A-4DDD-A62E-0E30E6063642}
	EndGlobalSection
EndGlobal
